
Microsoft Visual Studio Solution File, Format Version 12.00
# Visual Studio Version 17
VisualStudioVersion = 17.1.32421.90
MinimumVisualStudioVersion = 10.0.40219.1
Project("{00D1A9C2-B5F0-4AF3-8072-F6C62B433612}") = "ATM_Project", "ATM_Project\ATM_Project.sqlproj", "{A6C82F11-2E7D-423C-910F-7C469C616841}"
EndProject
Project("{FAE04EC0-301F-11D3-BF4B-00C04F79EFBC}") = "MinimalAPI", "MinimalAPI\MinimalAPI.csproj", "{6F632295-4969-4DD4-87DC-35F4DF71B0A4}"
EndProject
Project("{FAE04EC0-301F-11D3-BF4B-00C04F79EFBC}") = "DataAccess", "DataAccess\DataAccess.csproj", "{E3CCD035-AECC-4E30-812B-CA71B1C011AA}"
EndProject
Project("{2150E333-8FDC-42A3-9474-1A3956D46DE8}") = "Solution Items", "Solution Items", "{B7FDB185-C154-4DF9-80A2-1EAF044517EA}"
	ProjectSection(SolutionItems) = preProject
		.editorconfig = .editorconfig
	EndProjectSection
EndProject
Global
	GlobalSection(SolutionConfigurationPlatforms) = preSolution
		Debug|Any CPU = Debug|Any CPU
		Release|Any CPU = Release|Any CPU
	EndGlobalSection
	GlobalSection(ProjectConfigurationPlatforms) = postSolution
		{A6C82F11-2E7D-423C-910F-7C469C616841}.Debug|Any CPU.ActiveCfg = Debug|Any CPU
		{A6C82F11-2E7D-423C-910F-7C469C616841}.Debug|Any CPU.Build.0 = Debug|Any CPU
		{A6C82F11-2E7D-423C-910F-7C469C616841}.Debug|Any CPU.Deploy.0 = Debug|Any CPU
		{A6C82F11-2E7D-423C-910F-7C469C616841}.Release|Any CPU.ActiveCfg = Release|Any CPU
		{A6C82F11-2E7D-423C-910F-7C469C616841}.Release|Any CPU.Build.0 = Release|Any CPU
		{A6C82F11-2E7D-423C-910F-7C469C616841}.Release|Any CPU.Deploy.0 = Release|Any CPU
		{6F632295-4969-4DD4-87DC-35F4DF71B0A4}.Debug|Any CPU.ActiveCfg = Debug|Any CPU
		{6F632295-4969-4DD4-87DC-35F4DF71B0A4}.Debug|Any CPU.Build.0 = Debug|Any CPU
		{6F632295-4969-4DD4-87DC-35F4DF71B0A4}.Release|Any CPU.ActiveCfg = Release|Any CPU
		{6F632295-4969-4DD4-87DC-35F4DF71B0A4}.Release|Any CPU.Build.0 = Release|Any CPU
		{E3CCD035-AECC-4E30-812B-CA71B1C011AA}.Debug|Any CPU.ActiveCfg = Debug|Any CPU
		{E3CCD035-AECC-4E30-812B-CA71B1C011AA}.Debug|Any CPU.Build.0 = Debug|Any CPU
		{E3CCD035-AECC-4E30-812B-CA71B1C011AA}.Release|Any CPU.ActiveCfg = Release|Any CPU
		{E3CCD035-AECC-4E30-812B-CA71B1C011AA}.Release|Any CPU.Build.0 = Release|Any CPU
	EndGlobalSection
	GlobalSection(SolutionProperties) = preSolution
		HideSolutionNode = FALSE
	EndGlobalSection
	GlobalSection(ExtensibilityGlobals) = postSolution
		SolutionGuid = {2C914826-657F-401C-BB91-7E500957FBFF}
	EndGlobalSection
EndGlobal
